
Microsoft Visual Studio Solution File, Format Version 12.00
# Visual Studio Version 17
VisualStudioVersion = 17.8.34330.188
MinimumVisualStudioVersion = 10.0.40219.1
Project("{FAE04EC0-301F-11D3-BF4B-00C04F79EFBC}") = "WebApplication1", "WebApplication1.csproj", "{C22FA8E4-F689-42E9-BA0E-BA36C3D1FFE3}"
EndProject
Project("{FAE04EC0-301F-11D3-BF4B-00C04F79EFBC}") = "DataEntity", "..\DataEntity\DataEntity.csproj", "{32482078-63A5-43BD-9813-14D42A4952D1}"
EndProject
Project("{FAE04EC0-301F-11D3-BF4B-00C04F79EFBC}") = "IServer", "..\IServer\IServer.csproj", "{FEA827CF-6C0B-48AF-8E1B-4FBA440FBF11}"
EndProject
Project("{FAE04EC0-301F-11D3-BF4B-00C04F79EFBC}") = "Server", "..\Server\Server.csproj", "{7F3A1134-2BFD-4E52-95C6-7631EEC61EAC}"
EndProject
Project("{FAE04EC0-301F-11D3-BF4B-00C04F79EFBC}") = "Model", "..\Model\Model.csproj", "{F776FDE7-15A3-4AFA-BBA8-40EE8AB8EDB2}"
EndProject
Global
	GlobalSection(SolutionConfigurationPlatforms) = preSolution
		Debug|Any CPU = Debug|Any CPU
		Release|Any CPU = Release|Any CPU
	EndGlobalSection
	GlobalSection(ProjectConfigurationPlatforms) = postSolution
		{C22FA8E4-F689-42E9-BA0E-BA36C3D1FFE3}.Debug|Any CPU.ActiveCfg = Debug|Any CPU
		{C22FA8E4-F689-42E9-BA0E-BA36C3D1FFE3}.Debug|Any CPU.Build.0 = Debug|Any CPU
		{C22FA8E4-F689-42E9-BA0E-BA36C3D1FFE3}.Release|Any CPU.ActiveCfg = Release|Any CPU
		{C22FA8E4-F689-42E9-BA0E-BA36C3D1FFE3}.Release|Any CPU.Build.0 = Release|Any CPU
		{32482078-63A5-43BD-9813-14D42A4952D1}.Debug|Any CPU.ActiveCfg = Debug|Any CPU
		{32482078-63A5-43BD-9813-14D42A4952D1}.Debug|Any CPU.Build.0 = Debug|Any CPU
		{32482078-63A5-43BD-9813-14D42A4952D1}.Release|Any CPU.ActiveCfg = Release|Any CPU
		{32482078-63A5-43BD-9813-14D42A4952D1}.Release|Any CPU.Build.0 = Release|Any CPU
		{FEA827CF-6C0B-48AF-8E1B-4FBA440FBF11}.Debug|Any CPU.ActiveCfg = Debug|Any CPU
		{FEA827CF-6C0B-48AF-8E1B-4FBA440FBF11}.Debug|Any CPU.Build.0 = Debug|Any CPU
		{FEA827CF-6C0B-48AF-8E1B-4FBA440FBF11}.Release|Any CPU.ActiveCfg = Release|Any CPU
		{FEA827CF-6C0B-48AF-8E1B-4FBA440FBF11}.Release|Any CPU.Build.0 = Release|Any CPU
		{7F3A1134-2BFD-4E52-95C6-7631EEC61EAC}.Debug|Any CPU.ActiveCfg = Debug|Any CPU
		{7F3A1134-2BFD-4E52-95C6-7631EEC61EAC}.Debug|Any CPU.Build.0 = Debug|Any CPU
		{7F3A1134-2BFD-4E52-95C6-7631EEC61EAC}.Release|Any CPU.ActiveCfg = Release|Any CPU
		{7F3A1134-2BFD-4E52-95C6-7631EEC61EAC}.Release|Any CPU.Build.0 = Release|Any CPU
		{F776FDE7-15A3-4AFA-BBA8-40EE8AB8EDB2}.Debug|Any CPU.ActiveCfg = Debug|Any CPU
		{F776FDE7-15A3-4AFA-BBA8-40EE8AB8EDB2}.Debug|Any CPU.Build.0 = Debug|Any CPU
		{F776FDE7-15A3-4AFA-BBA8-40EE8AB8EDB2}.Release|Any CPU.ActiveCfg = Release|Any CPU
		{F776FDE7-15A3-4AFA-BBA8-40EE8AB8EDB2}.Release|Any CPU.Build.0 = Release|Any CPU
	EndGlobalSection
	GlobalSection(SolutionProperties) = preSolution
		HideSolutionNode = FALSE
	EndGlobalSection
	GlobalSection(ExtensibilityGlobals) = postSolution
		SolutionGuid = {302E2390-9787-43FB-95B0-2F5FF12680C3}
	EndGlobalSection
EndGlobal
